
Microsoft Visual Studio Solution File, Format Version 11.00
# Visual Studio 2010
# Ranorex Studio 8.2
Project("{FAE04EC0-301F-11D3-BF4B-00C04F79EFBC}") = "tesst", "tesst\tesst.csproj", "{38BB34C5-DFDA-4235-8EF9-6E0721F70287}"
EndProject
Project("{2150E333-8FDC-42A3-9474-1A3956D46DE8}") = "Solution Items", "Solution Items", "{C75BA48E-6A72-4828-8712-BDCBAFFB8EA4}"
	ProjectSection(SolutionItems) = postProject
		Ranorex = .\Ranorex.rxsettings
	EndProjectSection
EndProject
Global
	GlobalSection(SolutionConfigurationPlatforms) = preSolution
		Debug|x86 = Debug|x86
		Release|x86 = Release|x86
	EndGlobalSection
	GlobalSection(ProjectConfigurationPlatforms) = postSolution
		{38BB34C5-DFDA-4235-8EF9-6E0721F70287}.Debug|x86.Build.0 = Debug|x86
		{38BB34C5-DFDA-4235-8EF9-6E0721F70287}.Debug|x86.ActiveCfg = Debug|x86
		{38BB34C5-DFDA-4235-8EF9-6E0721F70287}.Release|x86.Build.0 = Release|x86
		{38BB34C5-DFDA-4235-8EF9-6E0721F70287}.Release|x86.ActiveCfg = Release|x86
	EndGlobalSection
EndGlobal
